
Microsoft Visual Studio Solution File, Format Version 12.00
# Visual Studio 15
VisualStudioVersion = 15.0.27703.2047
MinimumVisualStudioVersion = 10.0.40219.1
Project("{FAE04EC0-301F-11D3-BF4B-00C04F79EFBC}") = "AulaGithub", "AulaGithub\AulaGithub.csproj", "{817B5156-3D7B-4E70-8849-978BB96CC9D2}"
EndProject
Global
	GlobalSection(SolutionConfigurationPlatforms) = preSolution
		Debug|Any CPU = Debug|Any CPU
		Release|Any CPU = Release|Any CPU
	EndGlobalSection
	GlobalSection(ProjectConfigurationPlatforms) = postSolution
		{817B5156-3D7B-4E70-8849-978BB96CC9D2}.Debug|Any CPU.ActiveCfg = Debug|Any CPU
		{817B5156-3D7B-4E70-8849-978BB96CC9D2}.Debug|Any CPU.Build.0 = Debug|Any CPU
		{817B5156-3D7B-4E70-8849-978BB96CC9D2}.Release|Any CPU.ActiveCfg = Release|Any CPU
		{817B5156-3D7B-4E70-8849-978BB96CC9D2}.Release|Any CPU.Build.0 = Release|Any CPU
	EndGlobalSection
	GlobalSection(SolutionProperties) = preSolution
		HideSolutionNode = FALSE
	EndGlobalSection
	GlobalSection(ExtensibilityGlobals) = postSolution
		SolutionGuid = {0C094011-1BFC-4766-8AB6-3D583DA45111}
	EndGlobalSection
EndGlobal
